
Microsoft Visual Studio Solution File, Format Version 12.00
# Visual Studio Version 17
VisualStudioVersion = 17.14.36705.20 d17.14
MinimumVisualStudioVersion = 10.0.40219.1
Project("{FAE04EC0-301F-11D3-BF4B-00C04F79EFBC}") = "scada", "scada\scada.csproj", "{EBA89A27-4BCB-4A1B-83D6-EAE9B0A12A33}"
EndProject
Global
	GlobalSection(SolutionConfigurationPlatforms) = preSolution
		Debug|Any CPU = Debug|Any CPU
		Release|Any CPU = Release|Any CPU
	EndGlobalSection
	GlobalSection(ProjectConfigurationPlatforms) = postSolution
		{EBA89A27-4BCB-4A1B-83D6-EAE9B0A12A33}.Debug|Any CPU.ActiveCfg = Debug|Any CPU
		{EBA89A27-4BCB-4A1B-83D6-EAE9B0A12A33}.Debug|Any CPU.Build.0 = Debug|Any CPU
		{EBA89A27-4BCB-4A1B-83D6-EAE9B0A12A33}.Release|Any CPU.ActiveCfg = Release|Any CPU
		{EBA89A27-4BCB-4A1B-83D6-EAE9B0A12A33}.Release|Any CPU.Build.0 = Release|Any CPU
	EndGlobalSection
	GlobalSection(SolutionProperties) = preSolution
		HideSolutionNode = FALSE
	EndGlobalSection
	GlobalSection(ExtensibilityGlobals) = postSolution
		SolutionGuid = {F170DC84-2E82-4942-B273-78A1A2EA0A85}
	EndGlobalSection
EndGlobal
